
Microsoft Visual Studio Solution File, Format Version 12.00
# Visual Studio Version 17
VisualStudioVersion = 17.7.34024.191
MinimumVisualStudioVersion = 10.0.40219.1
Project("{FAE04EC0-301F-11D3-BF4B-00C04F79EFBC}") = "Uppgift 4.7", "Uppgift 4.7\Uppgift 4.7.csproj", "{55AD4342-01B3-4E7D-BA84-48C555CC5EC2}"
EndProject
Global
	GlobalSection(SolutionConfigurationPlatforms) = preSolution
		Debug|Any CPU = Debug|Any CPU
		Release|Any CPU = Release|Any CPU
	EndGlobalSection
	GlobalSection(ProjectConfigurationPlatforms) = postSolution
		{55AD4342-01B3-4E7D-BA84-48C555CC5EC2}.Debug|Any CPU.ActiveCfg = Debug|Any CPU
		{55AD4342-01B3-4E7D-BA84-48C555CC5EC2}.Debug|Any CPU.Build.0 = Debug|Any CPU
		{55AD4342-01B3-4E7D-BA84-48C555CC5EC2}.Release|Any CPU.ActiveCfg = Release|Any CPU
		{55AD4342-01B3-4E7D-BA84-48C555CC5EC2}.Release|Any CPU.Build.0 = Release|Any CPU
	EndGlobalSection
	GlobalSection(SolutionProperties) = preSolution
		HideSolutionNode = FALSE
	EndGlobalSection
	GlobalSection(ExtensibilityGlobals) = postSolution
		SolutionGuid = {95A4EBAB-3201-4057-BE1A-3CC572AF8600}
	EndGlobalSection
EndGlobal
